
Microsoft Visual Studio Solution File, Format Version 12.00
# Visual Studio 14
VisualStudioVersion = 14.0.23107.0
MinimumVisualStudioVersion = 10.0.40219.1
Project("{FAE04EC0-301F-11D3-BF4B-00C04F79EFBC}") = "AccountRegistrationApp", "AccountRegistrationApp\AccountRegistrationApp.csproj", "{3D932485-7522-456C-9C0F-9E3C1D5E663E}"
EndProject
Global
	GlobalSection(SolutionConfigurationPlatforms) = preSolution
		Debug|Any CPU = Debug|Any CPU
		Release|Any CPU = Release|Any CPU
	EndGlobalSection
	GlobalSection(ProjectConfigurationPlatforms) = postSolution
		{3D932485-7522-456C-9C0F-9E3C1D5E663E}.Debug|Any CPU.ActiveCfg = Debug|Any CPU
		{3D932485-7522-456C-9C0F-9E3C1D5E663E}.Debug|Any CPU.Build.0 = Debug|Any CPU
		{3D932485-7522-456C-9C0F-9E3C1D5E663E}.Release|Any CPU.ActiveCfg = Release|Any CPU
		{3D932485-7522-456C-9C0F-9E3C1D5E663E}.Release|Any CPU.Build.0 = Release|Any CPU
	EndGlobalSection
	GlobalSection(SolutionProperties) = preSolution
		HideSolutionNode = FALSE
	EndGlobalSection
EndGlobal
